<?xml version="1.0" encoding="utf-8"?>
<Project ToolsVersion="14.0" xmlns="http://schemas.microsoft.com/developer/msbuild/2003">
  <ItemGroup>
    <ClInclude Include="$(MSBuildThisFileDirectory)pch.h" />
    <ClInclude Include="$(MSBuildThisFileDirectory)AudioPlayer.h" />
    <ClInclude Include="$(MSBuildThisFileDirectory)MediaSource.h" />
    <ClInclude Include="$(MSBuildThisFileDirectory)Lyrics.h" />
    <ClInclude Include="$(MSBuildThisFileDirectory)IAudioPlayer.h" />
    <ClInclude Include="$(MSBuildThisFileDirectory)AudioPlayerAgent.h" />
    <ClInclude Include="$(MSBuildThisFileDirectory)MediaSinkHandlerAgent.h" />
  </ItemGroup>
  <ItemGroup>
    <ClCompile Include="$(MSBuildThisFileDirectory)pch.cpp">
      <PrecompiledHeader>Create</PrecompiledHeader>
    </ClCompile>
    <ClCompile Include="$(MSBuildThisFileDirectory)AudioPlayer.cpp" />
    <ClCompile Include="$(MSBuildThisFileDirectory)MediaSource.cpp" />
    <ClCompile Include="$(MSBuildThisFileDirectory)Lyrics.cpp" />
    <ClCompile Include="$(MSBuildThisFileDirectory)MediaSinkHandlerAgent.cpp" />
  </ItemGroup>
</Project>