<?xml version="1.0" encoding="utf-8"?>
<Project ToolsVersion="14.0" xmlns="http://schemas.microsoft.com/developer/msbuild/2003">
  <ItemGroup>
    <Filter Include="Resources">
      <UniqueIdentifier>d60a5fa7-c8bc-47d2-81b9-b21e05c57306</UniqueIdentifier>
      <Extensions>rc;ico;cur;bmp;dlg;rc2;rct;bin;rgs;gif;jpg;jpeg;jpe;resx;tga;tiff;tif;png;wav;mfcribbon-ms</Extensions>
    </Filter>
    <Filter Include="头文件">
      <UniqueIdentifier>{012f6839-b4b5-4762-b00f-b296fe1ab7ba}</UniqueIdentifier>
    </Filter>
    <Filter Include="源文件">
      <UniqueIdentifier>{dd919fd4-5f29-4655-9e5d-cc80266aecd0}</UniqueIdentifier>
    </Filter>
    <Filter Include="生成的文件">
      <UniqueIdentifier>{6402dd04-953e-4a14-b284-d27f32768b2d}</UniqueIdentifier>
    </Filter>
  </ItemGroup>
  <ItemGroup>
    <ClCompile Include="pch.cpp">
      <Filter>源文件</Filter>
    </ClCompile>
    <ClCompile Include="CodecManager.cpp">
      <Filter>源文件</Filter>
    </ClCompile>
    <ClCompile Include="dllmain.cpp">
      <Filter>源文件</Filter>
    </ClCompile>
  </ItemGroup>
  <ItemGroup>
    <ClInclude Include="pch.h">
      <Filter>头文件</Filter>
    </ClInclude>
    <ClInclude Include="Tomato.Media.Codec_i.h">
      <Filter>生成的文件</Filter>
    </ClInclude>
    <ClInclude Include="CodecManager.h">
      <Filter>头文件</Filter>
    </ClInclude>
  </ItemGroup>
  <ItemGroup>
    <None Include="Tomato.Media.Codec.def">
      <Filter>源文件</Filter>
    </None>
    <None Include="packages.config" />
  </ItemGroup>
  <ItemGroup>
    <MidlRT Include="Tomato.Media.Codec.idl">
      <Filter>源文件</Filter>
    </MidlRT>
  </ItemGroup>
</Project>