
Microsoft Visual Studio Solution File, Format Version 12.00
# Visual Studio 14
VisualStudioVersion = 14.0.23107.0
MinimumVisualStudioVersion = 10.0.40219.1
Project("{2150E333-8FDC-42A3-9474-1A3956D46DE8}") = "Tomato.Media", "Tomato.Media", "{AA072205-CC41-4401-A4C3-342380D40560}"
EndProject
Project("{8BC9CEB8-8B4A-11D0-8D11-00A0C91BC942}") = "Tomato.Media.Shared", "Tomato.Media\Tomato.Media.Shared\Tomato.Media.Shared.vcxitems", "{45D41ACC-2C3C-43D2-BC10-02AA73FFC7C7}"
EndProject
Project("{8BC9CEB8-8B4A-11D0-8D11-00A0C91BC942}") = "Tomato.Media.WinRT", "Tomato.Media\Tomato.Media.WinRT\Tomato.Media.WinRT.vcxproj", "{F5A28F95-FC11-43CE-A2B6-9A8649AC606B}"
EndProject
Project("{2150E333-8FDC-42A3-9474-1A3956D46DE8}") = "Samples", "Samples", "{E6A0DD9D-C8DA-4C4E-B185-7515BFF962FF}"
EndProject
Project("{8BC9CEB8-8B4A-11D0-8D11-00A0C91BC942}") = "Tomato.Media.Desktop", "Tomato.Media\Tomato.Media.Desktop\Tomato.Media.Desktop.vcxproj", "{6D37168D-BDA2-460E-986F-5639EEE1F8DC}"
EndProject
Project("{2150E333-8FDC-42A3-9474-1A3956D46DE8}") = "WinRT", "WinRT", "{E3414731-5A0E-4EF2-BCB3-185316BDA8A4}"
EndProject
Project("{FAE04EC0-301F-11D3-BF4B-00C04F79EFBC}") = "BackgroundMediaShared", "Samples\WinRT\BackgroundMediaShared\BackgroundMediaShared.csproj", "{A4EF6440-952B-4BE7-89A8-902165A1351E}"
EndProject
Project("{FAE04EC0-301F-11D3-BF4B-00C04F79EFBC}") = "HelloWorld", "Samples\WinRT\HelloWorld\HelloWorld.csproj", "{8EB1DF56-296F-474F-94F7-778F57336FC2}"
EndProject
Global
	GlobalSection(SharedMSBuildProjectFiles) = preSolution
		Tomato.Media\Tomato.Media.Shared\Tomato.Media.Shared.vcxitems*{f5a28f95-fc11-43ce-a2b6-9a8649ac606b}*SharedItemsImports = 4
		Tomato.Media\Tomato.Media.Shared\Tomato.Media.Shared.vcxitems*{45d41acc-2c3c-43d2-bc10-02aa73ffc7c7}*SharedItemsImports = 9
	EndGlobalSection
	GlobalSection(SolutionConfigurationPlatforms) = preSolution
		Debug|Any CPU = Debug|Any CPU
		Debug|ARM = Debug|ARM
		Debug|Win32 = Debug|Win32
		Debug|x64 = Debug|x64
		Debug|x86 = Debug|x86
		Release|Any CPU = Release|Any CPU
		Release|ARM = Release|ARM
		Release|Win32 = Release|Win32
		Release|x64 = Release|x64
		Release|x86 = Release|x86
	EndGlobalSection
	GlobalSection(ProjectConfigurationPlatforms) = postSolution
		{F5A28F95-FC11-43CE-A2B6-9A8649AC606B}.Debug|Any CPU.ActiveCfg = Debug|Win32
		{F5A28F95-FC11-43CE-A2B6-9A8649AC606B}.Debug|ARM.ActiveCfg = Debug|ARM
		{F5A28F95-FC11-43CE-A2B6-9A8649AC606B}.Debug|ARM.Build.0 = Debug|ARM
		{F5A28F95-FC11-43CE-A2B6-9A8649AC606B}.Debug|Win32.ActiveCfg = Debug|Win32
		{F5A28F95-FC11-43CE-A2B6-9A8649AC606B}.Debug|Win32.Build.0 = Debug|Win32
		{F5A28F95-FC11-43CE-A2B6-9A8649AC606B}.Debug|x64.ActiveCfg = Debug|x64
		{F5A28F95-FC11-43CE-A2B6-9A8649AC606B}.Debug|x64.Build.0 = Debug|x64
		{F5A28F95-FC11-43CE-A2B6-9A8649AC606B}.Debug|x86.ActiveCfg = Debug|Win32
		{F5A28F95-FC11-43CE-A2B6-9A8649AC606B}.Debug|x86.Build.0 = Debug|Win32
		{F5A28F95-FC11-43CE-A2B6-9A8649AC606B}.Release|Any CPU.ActiveCfg = Release|Win32
		{F5A28F95-FC11-43CE-A2B6-9A8649AC606B}.Release|ARM.ActiveCfg = Release|ARM
		{F5A28F95-FC11-43CE-A2B6-9A8649AC606B}.Release|ARM.Build.0 = Release|ARM
		{F5A28F95-FC11-43CE-A2B6-9A8649AC606B}.Release|Win32.ActiveCfg = Release|Win32
		{F5A28F95-FC11-43CE-A2B6-9A8649AC606B}.Release|Win32.Build.0 = Release|Win32
		{F5A28F95-FC11-43CE-A2B6-9A8649AC606B}.Release|x64.ActiveCfg = Release|x64
		{F5A28F95-FC11-43CE-A2B6-9A8649AC606B}.Release|x64.Build.0 = Release|x64
		{F5A28F95-FC11-43CE-A2B6-9A8649AC606B}.Release|x86.ActiveCfg = Release|Win32
		{F5A28F95-FC11-43CE-A2B6-9A8649AC606B}.Release|x86.Build.0 = Release|Win32
		{6D37168D-BDA2-460E-986F-5639EEE1F8DC}.Debug|Any CPU.ActiveCfg = Debug|Win32
		{6D37168D-BDA2-460E-986F-5639EEE1F8DC}.Debug|ARM.ActiveCfg = Debug|Win32
		{6D37168D-BDA2-460E-986F-5639EEE1F8DC}.Debug|Win32.ActiveCfg = Debug|Win32
		{6D37168D-BDA2-460E-986F-5639EEE1F8DC}.Debug|Win32.Build.0 = Debug|Win32
		{6D37168D-BDA2-460E-986F-5639EEE1F8DC}.Debug|x64.ActiveCfg = Debug|x64
		{6D37168D-BDA2-460E-986F-5639EEE1F8DC}.Debug|x64.Build.0 = Debug|x64
		{6D37168D-BDA2-460E-986F-5639EEE1F8DC}.Debug|x86.ActiveCfg = Debug|Win32
		{6D37168D-BDA2-460E-986F-5639EEE1F8DC}.Debug|x86.Build.0 = Debug|Win32
		{6D37168D-BDA2-460E-986F-5639EEE1F8DC}.Release|Any CPU.ActiveCfg = Release|Win32
		{6D37168D-BDA2-460E-986F-5639EEE1F8DC}.Release|ARM.ActiveCfg = Release|Win32
		{6D37168D-BDA2-460E-986F-5639EEE1F8DC}.Release|Win32.ActiveCfg = Release|Win32
		{6D37168D-BDA2-460E-986F-5639EEE1F8DC}.Release|Win32.Build.0 = Release|Win32
		{6D37168D-BDA2-460E-986F-5639EEE1F8DC}.Release|x64.ActiveCfg = Release|x64
		{6D37168D-BDA2-460E-986F-5639EEE1F8DC}.Release|x64.Build.0 = Release|x64
		{6D37168D-BDA2-460E-986F-5639EEE1F8DC}.Release|x86.ActiveCfg = Release|Win32
		{6D37168D-BDA2-460E-986F-5639EEE1F8DC}.Release|x86.Build.0 = Release|Win32
		{A4EF6440-952B-4BE7-89A8-902165A1351E}.Debug|Any CPU.ActiveCfg = Debug|Any CPU
		{A4EF6440-952B-4BE7-89A8-902165A1351E}.Debug|Any CPU.Build.0 = Debug|Any CPU
		{A4EF6440-952B-4BE7-89A8-902165A1351E}.Debug|ARM.ActiveCfg = Debug|ARM
		{A4EF6440-952B-4BE7-89A8-902165A1351E}.Debug|ARM.Build.0 = Debug|ARM
		{A4EF6440-952B-4BE7-89A8-902165A1351E}.Debug|Win32.ActiveCfg = Debug|x86
		{A4EF6440-952B-4BE7-89A8-902165A1351E}.Debug|Win32.Build.0 = Debug|x86
		{A4EF6440-952B-4BE7-89A8-902165A1351E}.Debug|x64.ActiveCfg = Debug|x64
		{A4EF6440-952B-4BE7-89A8-902165A1351E}.Debug|x64.Build.0 = Debug|x64
		{A4EF6440-952B-4BE7-89A8-902165A1351E}.Debug|x86.ActiveCfg = Debug|x86
		{A4EF6440-952B-4BE7-89A8-902165A1351E}.Debug|x86.Build.0 = Debug|x86
		{A4EF6440-952B-4BE7-89A8-902165A1351E}.Release|Any CPU.ActiveCfg = Release|Any CPU
		{A4EF6440-952B-4BE7-89A8-902165A1351E}.Release|Any CPU.Build.0 = Release|Any CPU
		{A4EF6440-952B-4BE7-89A8-902165A1351E}.Release|ARM.ActiveCfg = Release|ARM
		{A4EF6440-952B-4BE7-89A8-902165A1351E}.Release|ARM.Build.0 = Release|ARM
		{A4EF6440-952B-4BE7-89A8-902165A1351E}.Release|Win32.ActiveCfg = Release|x86
		{A4EF6440-952B-4BE7-89A8-902165A1351E}.Release|Win32.Build.0 = Release|x86
		{A4EF6440-952B-4BE7-89A8-902165A1351E}.Release|x64.ActiveCfg = Release|x64
		{A4EF6440-952B-4BE7-89A8-902165A1351E}.Release|x64.Build.0 = Release|x64
		{A4EF6440-952B-4BE7-89A8-902165A1351E}.Release|x86.ActiveCfg = Release|x86
		{A4EF6440-952B-4BE7-89A8-902165A1351E}.Release|x86.Build.0 = Release|x86
		{8EB1DF56-296F-474F-94F7-778F57336FC2}.Debug|Any CPU.ActiveCfg = Debug|x86
		{8EB1DF56-296F-474F-94F7-778F57336FC2}.Debug|ARM.ActiveCfg = Debug|ARM
		{8EB1DF56-296F-474F-94F7-778F57336FC2}.Debug|ARM.Build.0 = Debug|ARM
		{8EB1DF56-296F-474F-94F7-778F57336FC2}.Debug|ARM.Deploy.0 = Debug|ARM
		{8EB1DF56-296F-474F-94F7-778F57336FC2}.Debug|Win32.ActiveCfg = Debug|x86
		{8EB1DF56-296F-474F-94F7-778F57336FC2}.Debug|Win32.Build.0 = Debug|x86
		{8EB1DF56-296F-474F-94F7-778F57336FC2}.Debug|Win32.Deploy.0 = Debug|x86
		{8EB1DF56-296F-474F-94F7-778F57336FC2}.Debug|x64.ActiveCfg = Debug|x64
		{8EB1DF56-296F-474F-94F7-778F57336FC2}.Debug|x64.Build.0 = Debug|x64
		{8EB1DF56-296F-474F-94F7-778F57336FC2}.Debug|x64.Deploy.0 = Debug|x64
		{8EB1DF56-296F-474F-94F7-778F57336FC2}.Debug|x86.ActiveCfg = Debug|x86
		{8EB1DF56-296F-474F-94F7-778F57336FC2}.Debug|x86.Build.0 = Debug|x86
		{8EB1DF56-296F-474F-94F7-778F57336FC2}.Debug|x86.Deploy.0 = Debug|x86
		{8EB1DF56-296F-474F-94F7-778F57336FC2}.Release|Any CPU.ActiveCfg = Release|x86
		{8EB1DF56-296F-474F-94F7-778F57336FC2}.Release|ARM.ActiveCfg = Release|ARM
		{8EB1DF56-296F-474F-94F7-778F57336FC2}.Release|ARM.Build.0 = Release|ARM
		{8EB1DF56-296F-474F-94F7-778F57336FC2}.Release|ARM.Deploy.0 = Release|ARM
		{8EB1DF56-296F-474F-94F7-778F57336FC2}.Release|Win32.ActiveCfg = Release|x86
		{8EB1DF56-296F-474F-94F7-778F57336FC2}.Release|Win32.Build.0 = Release|x86
		{8EB1DF56-296F-474F-94F7-778F57336FC2}.Release|Win32.Deploy.0 = Release|x86
		{8EB1DF56-296F-474F-94F7-778F57336FC2}.Release|x64.ActiveCfg = Release|x64
		{8EB1DF56-296F-474F-94F7-778F57336FC2}.Release|x64.Build.0 = Release|x64
		{8EB1DF56-296F-474F-94F7-778F57336FC2}.Release|x64.Deploy.0 = Release|x64
		{8EB1DF56-296F-474F-94F7-778F57336FC2}.Release|x86.ActiveCfg = Release|x86
		{8EB1DF56-296F-474F-94F7-778F57336FC2}.Release|x86.Build.0 = Release|x86
		{8EB1DF56-296F-474F-94F7-778F57336FC2}.Release|x86.Deploy.0 = Release|x86
	EndGlobalSection
	GlobalSection(SolutionProperties) = preSolution
		HideSolutionNode = FALSE
	EndGlobalSection
	GlobalSection(NestedProjects) = preSolution
		{45D41ACC-2C3C-43D2-BC10-02AA73FFC7C7} = {AA072205-CC41-4401-A4C3-342380D40560}
		{F5A28F95-FC11-43CE-A2B6-9A8649AC606B} = {AA072205-CC41-4401-A4C3-342380D40560}
		{6D37168D-BDA2-460E-986F-5639EEE1F8DC} = {AA072205-CC41-4401-A4C3-342380D40560}
		{E3414731-5A0E-4EF2-BCB3-185316BDA8A4} = {E6A0DD9D-C8DA-4C4E-B185-7515BFF962FF}
		{A4EF6440-952B-4BE7-89A8-902165A1351E} = {E3414731-5A0E-4EF2-BCB3-185316BDA8A4}
		{8EB1DF56-296F-474F-94F7-778F57336FC2} = {E3414731-5A0E-4EF2-BCB3-185316BDA8A4}
	EndGlobalSection
EndGlobal
