
Microsoft Visual Studio Solution File, Format Version 12.00
# Visual Studio 14
VisualStudioVersion = 14.0.24720.0
MinimumVisualStudioVersion = 10.0.40219.1
Project("{2150E333-8FDC-42A3-9474-1A3956D46DE8}") = "Tomato.Media", "Tomato.Media", "{AA072205-CC41-4401-A4C3-342380D40560}"
EndProject
Project("{8BC9CEB8-8B4A-11D0-8D11-00A0C91BC942}") = "Tomato.Media.Shared", "Tomato.Media\Tomato.Media.Shared\Tomato.Media.Shared.vcxitems", "{45D41ACC-2C3C-43D2-BC10-02AA73FFC7C7}"
EndProject
Project("{8BC9CEB8-8B4A-11D0-8D11-00A0C91BC942}") = "Tomato.Media.WinRT", "Tomato.Media\Tomato.Media.WinRT\Tomato.Media.WinRT.vcxproj", "{F5A28F95-FC11-43CE-A2B6-9A8649AC606B}"
EndProject
Project("{2150E333-8FDC-42A3-9474-1A3956D46DE8}") = "Samples", "Samples", "{E6A0DD9D-C8DA-4C4E-B185-7515BFF962FF}"
EndProject
Project("{8BC9CEB8-8B4A-11D0-8D11-00A0C91BC942}") = "Tomato.Media.Desktop", "Tomato.Media\Tomato.Media.Desktop\Tomato.Media.Desktop.vcxproj", "{6D37168D-BDA2-460E-986F-5639EEE1F8DC}"
EndProject
Project("{2150E333-8FDC-42A3-9474-1A3956D46DE8}") = "WinRT", "WinRT", "{E3414731-5A0E-4EF2-BCB3-185316BDA8A4}"
EndProject
Project("{FAE04EC0-301F-11D3-BF4B-00C04F79EFBC}") = "BackgroundMediaShared", "Samples\WinRT\BackgroundMediaShared\BackgroundMediaShared.csproj", "{A4EF6440-952B-4BE7-89A8-902165A1351E}"
EndProject
Project("{FAE04EC0-301F-11D3-BF4B-00C04F79EFBC}") = "HelloWorld", "Samples\WinRT\HelloWorld\HelloWorld.csproj", "{8EB1DF56-296F-474F-94F7-778F57336FC2}"
EndProject
Project("{2150E333-8FDC-42A3-9474-1A3956D46DE8}") = "Tomato.Media.Gaming", "Tomato.Media.Gaming", "{E38B57FB-2F5C-49C4-B52E-CE79EF9C6922}"
EndProject
Project("{8BC9CEB8-8B4A-11D0-8D11-00A0C91BC942}") = "Tomato.Media.Gaming.Shared", "Tomato.Media.Gaming\Tomato.Media.Gaming.Shared\Tomato.Media.Gaming.Shared.vcxitems", "{51D3409D-A773-49DE-B492-E71037D3C2DA}"
EndProject
Project("{8BC9CEB8-8B4A-11D0-8D11-00A0C91BC942}") = "Tomato.Media.Gaming.WinRT", "Tomato.Media.Gaming\Tomato.Media.Gaming.WinRT\Tomato.Media.Gaming.WinRT.vcxproj", "{7E0A32BE-F057-4DB9-A879-9B4F82C05E53}"
EndProject
Project("{8BC9CEB8-8B4A-11D0-8D11-00A0C91BC942}") = "Tomato.Media.Gaming.Desktop", "Tomato.Media.Gaming\Tomato.Media.Gaming.Desktop\Tomato.Media.Gaming.Desktop.vcxproj", "{44032B80-0784-40DB-B129-EC3DF0856D8C}"
EndProject
Project("{2150E333-8FDC-42A3-9474-1A3956D46DE8}") = "Include", "Include", "{8B1B6709-2D8D-4770-9387-F29E4374EFC8}"
	ProjectSection(SolutionItems) = preProject
		include\common.h = include\common.h
	EndProjectSection
EndProject
Project("{2150E333-8FDC-42A3-9474-1A3956D46DE8}") = "WinRT", "WinRT", "{0C7F7F83-E1C0-46BC-A183-C5E2E36F2A21}"
	ProjectSection(SolutionItems) = preProject
		include\winrt\platform.h = include\winrt\platform.h
	EndProjectSection
EndProject
Project("{2150E333-8FDC-42A3-9474-1A3956D46DE8}") = "Desktop", "Desktop", "{D22E1BE8-0FC2-457D-A462-C28D5B2C1141}"
	ProjectSection(SolutionItems) = preProject
		include\desktop\platform.h = include\desktop\platform.h
	EndProjectSection
EndProject
Project("{FAE04EC0-301F-11D3-BF4B-00C04F79EFBC}") = "PinkAlert", "Samples\WinRT\PinkAlert\PinkAlert.csproj", "{C16F5EA1-C1B6-4868-BE36-0B3B67E103CC}"
EndProject
Project("{2150E333-8FDC-42A3-9474-1A3956D46DE8}") = "Tomato.Core", "Tomato.Core", "{681910EF-6FF5-48C1-89DF-2766622453CB}"
EndProject
Project("{8BC9CEB8-8B4A-11D0-8D11-00A0C91BC942}") = "Tomato.Core.Shared", "Tomato.Core\Tomato.Core.Shared\Tomato.Core.Shared.vcxitems", "{04820629-78F0-49AF-837C-B5AC02E8C0E2}"
EndProject
Project("{8BC9CEB8-8B4A-11D0-8D11-00A0C91BC942}") = "Tomato.Core.WinRT", "Tomato.Core\Tomato.Core.WinRT\Tomato.Core.WinRT.vcxproj", "{E0BF017E-CCA1-4F42-9104-DBD6B96477B2}"
EndProject
Project("{8BC9CEB8-8B4A-11D0-8D11-00A0C91BC942}") = "Tomato.Core.Desktop", "Tomato.Core\Tomato.Core.Desktop\Tomato.Core.Desktop.vcxproj", "{BF81D298-1345-45DE-B04E-FD7BA1445731}"
EndProject
Project("{2150E333-8FDC-42A3-9474-1A3956D46DE8}") = "Tomato.Media.Codec", "Tomato.Media.Codec", "{3CD5A682-D36D-46DA-9297-768165E305F2}"
EndProject
Project("{8BC9CEB8-8B4A-11D0-8D11-00A0C91BC942}") = "Tomato.Media.Codec.Shared", "Tomato.Media.Codec\Tomato.Media.Codec.Shared\Tomato.Media.Codec.Shared.vcxitems", "{61589C00-EFB7-4009-9A8B-36AD39B74A06}"
EndProject
Project("{8BC9CEB8-8B4A-11D0-8D11-00A0C91BC942}") = "Tomato.Media.Codec.WinRT", "Tomato.Media.Codec\Tomato.Media.Codec.WinRT\Tomato.Media.Codec.WinRT.vcxproj", "{74D2757E-89FA-4545-8B64-B13D426741A0}"
EndProject
Project("{8BC9CEB8-8B4A-11D0-8D11-00A0C91BC942}") = "Tomato.Media.Codec.Desktop", "Tomato.Media.Codec\Tomato.Media.Codec.Desktop\Tomato.Media.Codec.Desktop.vcxproj", "{7F8BDDEC-CF7B-41BD-BDE8-D16C6DB177C4}"
EndProject
Project("{2150E333-8FDC-42A3-9474-1A3956D46DE8}") = "Tools", "Tools", "{4D572D73-7285-436C-B5F6-61492757D28D}"
EndProject
Project("{FAE04EC0-301F-11D3-BF4B-00C04F79EFBC}") = "Tomato.TileSetEditor", "Tools\Tomato.TileSetEditor\Tomato.TileSetEditor.csproj", "{0685BE63-D4A2-4A5C-9944-E2A49DC7692F}"
EndProject
Project("{FAE04EC0-301F-11D3-BF4B-00C04F79EFBC}") = "Tomato.Tools.Common", "Tools\Tomato.Tools.Common\Tomato.Tools.Common.csproj", "{CFA02624-A26B-4E3F-A727-00B1C68114BF}"
EndProject
Project("{FAE04EC0-301F-11D3-BF4B-00C04F79EFBC}") = "Tomato.TiledMapEditor", "Tools\Tomato.TiledMapEditor\Tomato.TiledMapEditor.csproj", "{DDFF49EC-00FB-4707-91CE-1D2E9DE45F77}"
EndProject
Project("{2150E333-8FDC-42A3-9474-1A3956D46DE8}") = "Tomato.Media.Effect", "Tomato.Media.Effect", "{D665F0D6-FB88-47AC-96DA-F81DA3C39B2D}"
EndProject
Project("{8BC9CEB8-8B4A-11D0-8D11-00A0C91BC942}") = "Tomato.Media.Effect.Shared", "Tomato.Media.Effect\Tomato.Media.Effect.Shared\Tomato.Media.Effect.Shared.vcxitems", "{988E3559-0AB2-4E4A-8D42-FED6ADD02805}"
EndProject
Project("{8BC9CEB8-8B4A-11D0-8D11-00A0C91BC942}") = "Tomato.Media.Effect.WinRT", "Tomato.Media.Effect\Tomato.Media.Effect.WinRT\Tomato.Media.Effect.WinRT.vcxproj", "{108D2133-BD4E-4F6C-8455-A72C77EFBD48}"
EndProject
Project("{8BC9CEB8-8B4A-11D0-8D11-00A0C91BC942}") = "Tomato.Media.Effect.Desktop", "Tomato.Media.Effect\Tomato.Media.Effect.Desktop\Tomato.Media.Effect.Desktop.vcxproj", "{97993C2D-7AC5-4A0E-A511-97237C260F24}"
EndProject
Global
	GlobalSection(SharedMSBuildProjectFiles) = preSolution
		Tomato.Media\Tomato.Media.Shared\Tomato.Media.Shared.vcxitems*{6d37168d-bda2-460e-986f-5639eee1f8dc}*SharedItemsImports = 4
		Tomato.Media\Tomato.Media.Shared\Tomato.Media.Shared.vcxitems*{f5a28f95-fc11-43ce-a2b6-9a8649ac606b}*SharedItemsImports = 4
		Tomato.Media.Gaming\Tomato.Media.Gaming.Shared\Tomato.Media.Gaming.Shared.vcxitems*{44032b80-0784-40db-b129-ec3df0856d8c}*SharedItemsImports = 4
		Tomato.Media.Codec\Tomato.Media.Codec.Shared\Tomato.Media.Codec.Shared.vcxitems*{61589c00-efb7-4009-9a8b-36ad39b74a06}*SharedItemsImports = 9
		Tomato.Core\Tomato.Core.Shared\Tomato.Core.Shared.vcxitems*{04820629-78f0-49af-837c-b5ac02e8c0e2}*SharedItemsImports = 9
		Tomato.Core\Tomato.Core.Shared\Tomato.Core.Shared.vcxitems*{e0bf017e-cca1-4f42-9104-dbd6b96477b2}*SharedItemsImports = 4
		Tomato.Media.Effect\Tomato.Media.Effect.Shared\Tomato.Media.Effect.Shared.vcxitems*{108d2133-bd4e-4f6c-8455-a72c77efbd48}*SharedItemsImports = 4
		Tomato.Media.Gaming\Tomato.Media.Gaming.Shared\Tomato.Media.Gaming.Shared.vcxitems*{51d3409d-a773-49de-b492-e71037d3c2da}*SharedItemsImports = 9
		Tomato.Media.Gaming\Tomato.Media.Gaming.Shared\Tomato.Media.Gaming.Shared.vcxitems*{7e0a32be-f057-4db9-a879-9b4f82c05e53}*SharedItemsImports = 4
		Tomato.Media.Codec\Tomato.Media.Codec.Shared\Tomato.Media.Codec.Shared.vcxitems*{74d2757e-89fa-4545-8b64-b13d426741a0}*SharedItemsImports = 4
		Tomato.Core\Tomato.Core.Shared\Tomato.Core.Shared.vcxitems*{bf81d298-1345-45de-b04e-fd7ba1445731}*SharedItemsImports = 4
		Tomato.Media.Codec\Tomato.Media.Codec.Shared\Tomato.Media.Codec.Shared.vcxitems*{7f8bddec-cf7b-41bd-bde8-d16c6db177c4}*SharedItemsImports = 4
		Tomato.Media\Tomato.Media.Shared\Tomato.Media.Shared.vcxitems*{45d41acc-2c3c-43d2-bc10-02aa73ffc7c7}*SharedItemsImports = 9
		Tomato.Media.Effect\Tomato.Media.Effect.Shared\Tomato.Media.Effect.Shared.vcxitems*{988e3559-0ab2-4e4a-8d42-fed6add02805}*SharedItemsImports = 9
		Tomato.Media.Effect\Tomato.Media.Effect.Shared\Tomato.Media.Effect.Shared.vcxitems*{97993c2d-7ac5-4a0e-a511-97237c260f24}*SharedItemsImports = 4
	EndGlobalSection
	GlobalSection(SolutionConfigurationPlatforms) = preSolution
		Debug|Any CPU = Debug|Any CPU
		Debug|ARM = Debug|ARM
		Debug|Win32 = Debug|Win32
		Debug|x64 = Debug|x64
		Release|Any CPU = Release|Any CPU
		Release|ARM = Release|ARM
		Release|Win32 = Release|Win32
		Release|x64 = Release|x64
	EndGlobalSection
	GlobalSection(ProjectConfigurationPlatforms) = postSolution
		{F5A28F95-FC11-43CE-A2B6-9A8649AC606B}.Debug|Any CPU.ActiveCfg = Debug|Win32
		{F5A28F95-FC11-43CE-A2B6-9A8649AC606B}.Debug|ARM.ActiveCfg = Debug|ARM
		{F5A28F95-FC11-43CE-A2B6-9A8649AC606B}.Debug|ARM.Build.0 = Debug|ARM
		{F5A28F95-FC11-43CE-A2B6-9A8649AC606B}.Debug|Win32.ActiveCfg = Debug|Win32
		{F5A28F95-FC11-43CE-A2B6-9A8649AC606B}.Debug|Win32.Build.0 = Debug|Win32
		{F5A28F95-FC11-43CE-A2B6-9A8649AC606B}.Debug|x64.ActiveCfg = Debug|x64
		{F5A28F95-FC11-43CE-A2B6-9A8649AC606B}.Debug|x64.Build.0 = Debug|x64
		{F5A28F95-FC11-43CE-A2B6-9A8649AC606B}.Release|Any CPU.ActiveCfg = Release|Win32
		{F5A28F95-FC11-43CE-A2B6-9A8649AC606B}.Release|ARM.ActiveCfg = Release|ARM
		{F5A28F95-FC11-43CE-A2B6-9A8649AC606B}.Release|ARM.Build.0 = Release|ARM
		{F5A28F95-FC11-43CE-A2B6-9A8649AC606B}.Release|Win32.ActiveCfg = Release|Win32
		{F5A28F95-FC11-43CE-A2B6-9A8649AC606B}.Release|Win32.Build.0 = Release|Win32
		{F5A28F95-FC11-43CE-A2B6-9A8649AC606B}.Release|x64.ActiveCfg = Release|x64
		{F5A28F95-FC11-43CE-A2B6-9A8649AC606B}.Release|x64.Build.0 = Release|x64
		{6D37168D-BDA2-460E-986F-5639EEE1F8DC}.Debug|Any CPU.ActiveCfg = Debug|Win32
		{6D37168D-BDA2-460E-986F-5639EEE1F8DC}.Debug|ARM.ActiveCfg = Debug|Win32
		{6D37168D-BDA2-460E-986F-5639EEE1F8DC}.Debug|Win32.ActiveCfg = Debug|Win32
		{6D37168D-BDA2-460E-986F-5639EEE1F8DC}.Debug|Win32.Build.0 = Debug|Win32
		{6D37168D-BDA2-460E-986F-5639EEE1F8DC}.Debug|x64.ActiveCfg = Debug|x64
		{6D37168D-BDA2-460E-986F-5639EEE1F8DC}.Debug|x64.Build.0 = Debug|x64
		{6D37168D-BDA2-460E-986F-5639EEE1F8DC}.Release|Any CPU.ActiveCfg = Release|Win32
		{6D37168D-BDA2-460E-986F-5639EEE1F8DC}.Release|ARM.ActiveCfg = Release|Win32
		{6D37168D-BDA2-460E-986F-5639EEE1F8DC}.Release|Win32.ActiveCfg = Release|Win32
		{6D37168D-BDA2-460E-986F-5639EEE1F8DC}.Release|Win32.Build.0 = Release|Win32
		{6D37168D-BDA2-460E-986F-5639EEE1F8DC}.Release|x64.ActiveCfg = Release|x64
		{6D37168D-BDA2-460E-986F-5639EEE1F8DC}.Release|x64.Build.0 = Release|x64
		{A4EF6440-952B-4BE7-89A8-902165A1351E}.Debug|Any CPU.ActiveCfg = Debug|Any CPU
		{A4EF6440-952B-4BE7-89A8-902165A1351E}.Debug|Any CPU.Build.0 = Debug|Any CPU
		{A4EF6440-952B-4BE7-89A8-902165A1351E}.Debug|ARM.ActiveCfg = Debug|ARM
		{A4EF6440-952B-4BE7-89A8-902165A1351E}.Debug|ARM.Build.0 = Debug|ARM
		{A4EF6440-952B-4BE7-89A8-902165A1351E}.Debug|Win32.ActiveCfg = Debug|x86
		{A4EF6440-952B-4BE7-89A8-902165A1351E}.Debug|Win32.Build.0 = Debug|x86
		{A4EF6440-952B-4BE7-89A8-902165A1351E}.Debug|x64.ActiveCfg = Debug|x64
		{A4EF6440-952B-4BE7-89A8-902165A1351E}.Debug|x64.Build.0 = Debug|x64
		{A4EF6440-952B-4BE7-89A8-902165A1351E}.Release|Any CPU.ActiveCfg = Release|Any CPU
		{A4EF6440-952B-4BE7-89A8-902165A1351E}.Release|Any CPU.Build.0 = Release|Any CPU
		{A4EF6440-952B-4BE7-89A8-902165A1351E}.Release|ARM.ActiveCfg = Release|ARM
		{A4EF6440-952B-4BE7-89A8-902165A1351E}.Release|Win32.ActiveCfg = Release|x86
		{A4EF6440-952B-4BE7-89A8-902165A1351E}.Release|x64.ActiveCfg = Release|x64
		{8EB1DF56-296F-474F-94F7-778F57336FC2}.Debug|Any CPU.ActiveCfg = Debug|x86
		{8EB1DF56-296F-474F-94F7-778F57336FC2}.Debug|ARM.ActiveCfg = Debug|ARM
		{8EB1DF56-296F-474F-94F7-778F57336FC2}.Debug|ARM.Build.0 = Debug|ARM
		{8EB1DF56-296F-474F-94F7-778F57336FC2}.Debug|ARM.Deploy.0 = Debug|ARM
		{8EB1DF56-296F-474F-94F7-778F57336FC2}.Debug|Win32.ActiveCfg = Debug|x86
		{8EB1DF56-296F-474F-94F7-778F57336FC2}.Debug|Win32.Build.0 = Debug|x86
		{8EB1DF56-296F-474F-94F7-778F57336FC2}.Debug|Win32.Deploy.0 = Debug|x86
		{8EB1DF56-296F-474F-94F7-778F57336FC2}.Debug|x64.ActiveCfg = Debug|x64
		{8EB1DF56-296F-474F-94F7-778F57336FC2}.Debug|x64.Build.0 = Debug|x64
		{8EB1DF56-296F-474F-94F7-778F57336FC2}.Debug|x64.Deploy.0 = Debug|x64
		{8EB1DF56-296F-474F-94F7-778F57336FC2}.Release|Any CPU.ActiveCfg = Release|x86
		{8EB1DF56-296F-474F-94F7-778F57336FC2}.Release|ARM.ActiveCfg = Release|ARM
		{8EB1DF56-296F-474F-94F7-778F57336FC2}.Release|Win32.ActiveCfg = Release|x86
		{8EB1DF56-296F-474F-94F7-778F57336FC2}.Release|Win32.Build.0 = Release|x86
		{8EB1DF56-296F-474F-94F7-778F57336FC2}.Release|Win32.Deploy.0 = Release|x86
		{8EB1DF56-296F-474F-94F7-778F57336FC2}.Release|x64.ActiveCfg = Release|x64
		{7E0A32BE-F057-4DB9-A879-9B4F82C05E53}.Debug|Any CPU.ActiveCfg = Debug|Win32
		{7E0A32BE-F057-4DB9-A879-9B4F82C05E53}.Debug|ARM.ActiveCfg = Debug|ARM
		{7E0A32BE-F057-4DB9-A879-9B4F82C05E53}.Debug|ARM.Build.0 = Debug|ARM
		{7E0A32BE-F057-4DB9-A879-9B4F82C05E53}.Debug|Win32.ActiveCfg = Debug|Win32
		{7E0A32BE-F057-4DB9-A879-9B4F82C05E53}.Debug|Win32.Build.0 = Debug|Win32
		{7E0A32BE-F057-4DB9-A879-9B4F82C05E53}.Debug|x64.ActiveCfg = Debug|x64
		{7E0A32BE-F057-4DB9-A879-9B4F82C05E53}.Debug|x64.Build.0 = Debug|x64
		{7E0A32BE-F057-4DB9-A879-9B4F82C05E53}.Release|Any CPU.ActiveCfg = Release|Win32
		{7E0A32BE-F057-4DB9-A879-9B4F82C05E53}.Release|ARM.ActiveCfg = Release|ARM
		{7E0A32BE-F057-4DB9-A879-9B4F82C05E53}.Release|ARM.Build.0 = Release|ARM
		{7E0A32BE-F057-4DB9-A879-9B4F82C05E53}.Release|Win32.ActiveCfg = Release|Win32
		{7E0A32BE-F057-4DB9-A879-9B4F82C05E53}.Release|Win32.Build.0 = Release|Win32
		{7E0A32BE-F057-4DB9-A879-9B4F82C05E53}.Release|x64.ActiveCfg = Release|x64
		{7E0A32BE-F057-4DB9-A879-9B4F82C05E53}.Release|x64.Build.0 = Release|x64
		{44032B80-0784-40DB-B129-EC3DF0856D8C}.Debug|Any CPU.ActiveCfg = Debug|Win32
		{44032B80-0784-40DB-B129-EC3DF0856D8C}.Debug|ARM.ActiveCfg = Debug|Win32
		{44032B80-0784-40DB-B129-EC3DF0856D8C}.Debug|Win32.ActiveCfg = Debug|Win32
		{44032B80-0784-40DB-B129-EC3DF0856D8C}.Debug|Win32.Build.0 = Debug|Win32
		{44032B80-0784-40DB-B129-EC3DF0856D8C}.Debug|x64.ActiveCfg = Debug|x64
		{44032B80-0784-40DB-B129-EC3DF0856D8C}.Debug|x64.Build.0 = Debug|x64
		{44032B80-0784-40DB-B129-EC3DF0856D8C}.Release|Any CPU.ActiveCfg = Release|Win32
		{44032B80-0784-40DB-B129-EC3DF0856D8C}.Release|ARM.ActiveCfg = Release|Win32
		{44032B80-0784-40DB-B129-EC3DF0856D8C}.Release|Win32.ActiveCfg = Release|Win32
		{44032B80-0784-40DB-B129-EC3DF0856D8C}.Release|Win32.Build.0 = Release|Win32
		{44032B80-0784-40DB-B129-EC3DF0856D8C}.Release|x64.ActiveCfg = Release|x64
		{44032B80-0784-40DB-B129-EC3DF0856D8C}.Release|x64.Build.0 = Release|x64
		{C16F5EA1-C1B6-4868-BE36-0B3B67E103CC}.Debug|Any CPU.ActiveCfg = Debug|x86
		{C16F5EA1-C1B6-4868-BE36-0B3B67E103CC}.Debug|ARM.ActiveCfg = Debug|ARM
		{C16F5EA1-C1B6-4868-BE36-0B3B67E103CC}.Debug|ARM.Build.0 = Debug|ARM
		{C16F5EA1-C1B6-4868-BE36-0B3B67E103CC}.Debug|ARM.Deploy.0 = Debug|ARM
		{C16F5EA1-C1B6-4868-BE36-0B3B67E103CC}.Debug|Win32.ActiveCfg = Debug|x86
		{C16F5EA1-C1B6-4868-BE36-0B3B67E103CC}.Debug|Win32.Build.0 = Debug|x86
		{C16F5EA1-C1B6-4868-BE36-0B3B67E103CC}.Debug|Win32.Deploy.0 = Debug|x86
		{C16F5EA1-C1B6-4868-BE36-0B3B67E103CC}.Debug|x64.ActiveCfg = Debug|x64
		{C16F5EA1-C1B6-4868-BE36-0B3B67E103CC}.Debug|x64.Build.0 = Debug|x64
		{C16F5EA1-C1B6-4868-BE36-0B3B67E103CC}.Debug|x64.Deploy.0 = Debug|x64
		{C16F5EA1-C1B6-4868-BE36-0B3B67E103CC}.Release|Any CPU.ActiveCfg = Release|x86
		{C16F5EA1-C1B6-4868-BE36-0B3B67E103CC}.Release|ARM.ActiveCfg = Release|ARM
		{C16F5EA1-C1B6-4868-BE36-0B3B67E103CC}.Release|Win32.ActiveCfg = Release|x86
		{C16F5EA1-C1B6-4868-BE36-0B3B67E103CC}.Release|x64.ActiveCfg = Release|x64
		{E0BF017E-CCA1-4F42-9104-DBD6B96477B2}.Debug|Any CPU.ActiveCfg = Debug|Win32
		{E0BF017E-CCA1-4F42-9104-DBD6B96477B2}.Debug|ARM.ActiveCfg = Debug|ARM
		{E0BF017E-CCA1-4F42-9104-DBD6B96477B2}.Debug|ARM.Build.0 = Debug|ARM
		{E0BF017E-CCA1-4F42-9104-DBD6B96477B2}.Debug|Win32.ActiveCfg = Debug|Win32
		{E0BF017E-CCA1-4F42-9104-DBD6B96477B2}.Debug|Win32.Build.0 = Debug|Win32
		{E0BF017E-CCA1-4F42-9104-DBD6B96477B2}.Debug|x64.ActiveCfg = Debug|x64
		{E0BF017E-CCA1-4F42-9104-DBD6B96477B2}.Debug|x64.Build.0 = Debug|x64
		{E0BF017E-CCA1-4F42-9104-DBD6B96477B2}.Release|Any CPU.ActiveCfg = Release|Win32
		{E0BF017E-CCA1-4F42-9104-DBD6B96477B2}.Release|ARM.ActiveCfg = Release|ARM
		{E0BF017E-CCA1-4F42-9104-DBD6B96477B2}.Release|ARM.Build.0 = Release|ARM
		{E0BF017E-CCA1-4F42-9104-DBD6B96477B2}.Release|Win32.ActiveCfg = Release|Win32
		{E0BF017E-CCA1-4F42-9104-DBD6B96477B2}.Release|Win32.Build.0 = Release|Win32
		{E0BF017E-CCA1-4F42-9104-DBD6B96477B2}.Release|x64.ActiveCfg = Release|x64
		{E0BF017E-CCA1-4F42-9104-DBD6B96477B2}.Release|x64.Build.0 = Release|x64
		{BF81D298-1345-45DE-B04E-FD7BA1445731}.Debug|Any CPU.ActiveCfg = Debug|Win32
		{BF81D298-1345-45DE-B04E-FD7BA1445731}.Debug|ARM.ActiveCfg = Debug|Win32
		{BF81D298-1345-45DE-B04E-FD7BA1445731}.Debug|Win32.ActiveCfg = Debug|Win32
		{BF81D298-1345-45DE-B04E-FD7BA1445731}.Debug|Win32.Build.0 = Debug|Win32
		{BF81D298-1345-45DE-B04E-FD7BA1445731}.Debug|x64.ActiveCfg = Debug|x64
		{BF81D298-1345-45DE-B04E-FD7BA1445731}.Debug|x64.Build.0 = Debug|x64
		{BF81D298-1345-45DE-B04E-FD7BA1445731}.Release|Any CPU.ActiveCfg = Release|Win32
		{BF81D298-1345-45DE-B04E-FD7BA1445731}.Release|ARM.ActiveCfg = Release|Win32
		{BF81D298-1345-45DE-B04E-FD7BA1445731}.Release|Win32.ActiveCfg = Release|Win32
		{BF81D298-1345-45DE-B04E-FD7BA1445731}.Release|Win32.Build.0 = Release|Win32
		{BF81D298-1345-45DE-B04E-FD7BA1445731}.Release|x64.ActiveCfg = Release|x64
		{BF81D298-1345-45DE-B04E-FD7BA1445731}.Release|x64.Build.0 = Release|x64
		{74D2757E-89FA-4545-8B64-B13D426741A0}.Debug|Any CPU.ActiveCfg = Debug|Win32
		{74D2757E-89FA-4545-8B64-B13D426741A0}.Debug|ARM.ActiveCfg = Debug|ARM
		{74D2757E-89FA-4545-8B64-B13D426741A0}.Debug|ARM.Build.0 = Debug|ARM
		{74D2757E-89FA-4545-8B64-B13D426741A0}.Debug|Win32.ActiveCfg = Debug|Win32
		{74D2757E-89FA-4545-8B64-B13D426741A0}.Debug|Win32.Build.0 = Debug|Win32
		{74D2757E-89FA-4545-8B64-B13D426741A0}.Debug|x64.ActiveCfg = Debug|x64
		{74D2757E-89FA-4545-8B64-B13D426741A0}.Debug|x64.Build.0 = Debug|x64
		{74D2757E-89FA-4545-8B64-B13D426741A0}.Release|Any CPU.ActiveCfg = Release|Win32
		{74D2757E-89FA-4545-8B64-B13D426741A0}.Release|ARM.ActiveCfg = Release|ARM
		{74D2757E-89FA-4545-8B64-B13D426741A0}.Release|ARM.Build.0 = Release|ARM
		{74D2757E-89FA-4545-8B64-B13D426741A0}.Release|Win32.ActiveCfg = Release|Win32
		{74D2757E-89FA-4545-8B64-B13D426741A0}.Release|Win32.Build.0 = Release|Win32
		{74D2757E-89FA-4545-8B64-B13D426741A0}.Release|x64.ActiveCfg = Release|x64
		{74D2757E-89FA-4545-8B64-B13D426741A0}.Release|x64.Build.0 = Release|x64
		{7F8BDDEC-CF7B-41BD-BDE8-D16C6DB177C4}.Debug|Any CPU.ActiveCfg = Debug|Win32
		{7F8BDDEC-CF7B-41BD-BDE8-D16C6DB177C4}.Debug|ARM.ActiveCfg = Debug|Win32
		{7F8BDDEC-CF7B-41BD-BDE8-D16C6DB177C4}.Debug|Win32.ActiveCfg = Debug|Win32
		{7F8BDDEC-CF7B-41BD-BDE8-D16C6DB177C4}.Debug|Win32.Build.0 = Debug|Win32
		{7F8BDDEC-CF7B-41BD-BDE8-D16C6DB177C4}.Debug|x64.ActiveCfg = Debug|x64
		{7F8BDDEC-CF7B-41BD-BDE8-D16C6DB177C4}.Debug|x64.Build.0 = Debug|x64
		{7F8BDDEC-CF7B-41BD-BDE8-D16C6DB177C4}.Release|Any CPU.ActiveCfg = Release|Win32
		{7F8BDDEC-CF7B-41BD-BDE8-D16C6DB177C4}.Release|ARM.ActiveCfg = Release|Win32
		{7F8BDDEC-CF7B-41BD-BDE8-D16C6DB177C4}.Release|Win32.ActiveCfg = Release|Win32
		{7F8BDDEC-CF7B-41BD-BDE8-D16C6DB177C4}.Release|Win32.Build.0 = Release|Win32
		{7F8BDDEC-CF7B-41BD-BDE8-D16C6DB177C4}.Release|x64.ActiveCfg = Release|x64
		{7F8BDDEC-CF7B-41BD-BDE8-D16C6DB177C4}.Release|x64.Build.0 = Release|x64
		{0685BE63-D4A2-4A5C-9944-E2A49DC7692F}.Debug|Any CPU.ActiveCfg = Debug|Any CPU
		{0685BE63-D4A2-4A5C-9944-E2A49DC7692F}.Debug|Any CPU.Build.0 = Debug|Any CPU
		{0685BE63-D4A2-4A5C-9944-E2A49DC7692F}.Debug|ARM.ActiveCfg = Debug|Any CPU
		{0685BE63-D4A2-4A5C-9944-E2A49DC7692F}.Debug|ARM.Build.0 = Debug|Any CPU
		{0685BE63-D4A2-4A5C-9944-E2A49DC7692F}.Debug|Win32.ActiveCfg = Debug|Any CPU
		{0685BE63-D4A2-4A5C-9944-E2A49DC7692F}.Debug|Win32.Build.0 = Debug|Any CPU
		{0685BE63-D4A2-4A5C-9944-E2A49DC7692F}.Debug|x64.ActiveCfg = Debug|Any CPU
		{0685BE63-D4A2-4A5C-9944-E2A49DC7692F}.Debug|x64.Build.0 = Debug|Any CPU
		{0685BE63-D4A2-4A5C-9944-E2A49DC7692F}.Release|Any CPU.ActiveCfg = Release|Any CPU
		{0685BE63-D4A2-4A5C-9944-E2A49DC7692F}.Release|Any CPU.Build.0 = Release|Any CPU
		{0685BE63-D4A2-4A5C-9944-E2A49DC7692F}.Release|ARM.ActiveCfg = Release|Any CPU
		{0685BE63-D4A2-4A5C-9944-E2A49DC7692F}.Release|ARM.Build.0 = Release|Any CPU
		{0685BE63-D4A2-4A5C-9944-E2A49DC7692F}.Release|Win32.ActiveCfg = Release|Any CPU
		{0685BE63-D4A2-4A5C-9944-E2A49DC7692F}.Release|Win32.Build.0 = Release|Any CPU
		{0685BE63-D4A2-4A5C-9944-E2A49DC7692F}.Release|x64.ActiveCfg = Release|Any CPU
		{0685BE63-D4A2-4A5C-9944-E2A49DC7692F}.Release|x64.Build.0 = Release|Any CPU
		{CFA02624-A26B-4E3F-A727-00B1C68114BF}.Debug|Any CPU.ActiveCfg = Debug|Any CPU
		{CFA02624-A26B-4E3F-A727-00B1C68114BF}.Debug|Any CPU.Build.0 = Debug|Any CPU
		{CFA02624-A26B-4E3F-A727-00B1C68114BF}.Debug|ARM.ActiveCfg = Debug|Any CPU
		{CFA02624-A26B-4E3F-A727-00B1C68114BF}.Debug|ARM.Build.0 = Debug|Any CPU
		{CFA02624-A26B-4E3F-A727-00B1C68114BF}.Debug|Win32.ActiveCfg = Debug|Any CPU
		{CFA02624-A26B-4E3F-A727-00B1C68114BF}.Debug|Win32.Build.0 = Debug|Any CPU
		{CFA02624-A26B-4E3F-A727-00B1C68114BF}.Debug|x64.ActiveCfg = Debug|Any CPU
		{CFA02624-A26B-4E3F-A727-00B1C68114BF}.Debug|x64.Build.0 = Debug|Any CPU
		{CFA02624-A26B-4E3F-A727-00B1C68114BF}.Release|Any CPU.ActiveCfg = Release|Any CPU
		{CFA02624-A26B-4E3F-A727-00B1C68114BF}.Release|Any CPU.Build.0 = Release|Any CPU
		{CFA02624-A26B-4E3F-A727-00B1C68114BF}.Release|ARM.ActiveCfg = Release|Any CPU
		{CFA02624-A26B-4E3F-A727-00B1C68114BF}.Release|ARM.Build.0 = Release|Any CPU
		{CFA02624-A26B-4E3F-A727-00B1C68114BF}.Release|Win32.ActiveCfg = Release|Any CPU
		{CFA02624-A26B-4E3F-A727-00B1C68114BF}.Release|Win32.Build.0 = Release|Any CPU
		{CFA02624-A26B-4E3F-A727-00B1C68114BF}.Release|x64.ActiveCfg = Release|Any CPU
		{CFA02624-A26B-4E3F-A727-00B1C68114BF}.Release|x64.Build.0 = Release|Any CPU
		{DDFF49EC-00FB-4707-91CE-1D2E9DE45F77}.Debug|Any CPU.ActiveCfg = Debug|Any CPU
		{DDFF49EC-00FB-4707-91CE-1D2E9DE45F77}.Debug|Any CPU.Build.0 = Debug|Any CPU
		{DDFF49EC-00FB-4707-91CE-1D2E9DE45F77}.Debug|ARM.ActiveCfg = Debug|Any CPU
		{DDFF49EC-00FB-4707-91CE-1D2E9DE45F77}.Debug|ARM.Build.0 = Debug|Any CPU
		{DDFF49EC-00FB-4707-91CE-1D2E9DE45F77}.Debug|Win32.ActiveCfg = Debug|Any CPU
		{DDFF49EC-00FB-4707-91CE-1D2E9DE45F77}.Debug|Win32.Build.0 = Debug|Any CPU
		{DDFF49EC-00FB-4707-91CE-1D2E9DE45F77}.Debug|x64.ActiveCfg = Debug|Any CPU
		{DDFF49EC-00FB-4707-91CE-1D2E9DE45F77}.Debug|x64.Build.0 = Debug|Any CPU
		{DDFF49EC-00FB-4707-91CE-1D2E9DE45F77}.Release|Any CPU.ActiveCfg = Release|Any CPU
		{DDFF49EC-00FB-4707-91CE-1D2E9DE45F77}.Release|Any CPU.Build.0 = Release|Any CPU
		{DDFF49EC-00FB-4707-91CE-1D2E9DE45F77}.Release|ARM.ActiveCfg = Release|Any CPU
		{DDFF49EC-00FB-4707-91CE-1D2E9DE45F77}.Release|ARM.Build.0 = Release|Any CPU
		{DDFF49EC-00FB-4707-91CE-1D2E9DE45F77}.Release|Win32.ActiveCfg = Release|Any CPU
		{DDFF49EC-00FB-4707-91CE-1D2E9DE45F77}.Release|Win32.Build.0 = Release|Any CPU
		{DDFF49EC-00FB-4707-91CE-1D2E9DE45F77}.Release|x64.ActiveCfg = Release|Any CPU
		{DDFF49EC-00FB-4707-91CE-1D2E9DE45F77}.Release|x64.Build.0 = Release|Any CPU
		{108D2133-BD4E-4F6C-8455-A72C77EFBD48}.Debug|Any CPU.ActiveCfg = Debug|Win32
		{108D2133-BD4E-4F6C-8455-A72C77EFBD48}.Debug|ARM.ActiveCfg = Debug|ARM
		{108D2133-BD4E-4F6C-8455-A72C77EFBD48}.Debug|ARM.Build.0 = Debug|ARM
		{108D2133-BD4E-4F6C-8455-A72C77EFBD48}.Debug|Win32.ActiveCfg = Debug|Win32
		{108D2133-BD4E-4F6C-8455-A72C77EFBD48}.Debug|Win32.Build.0 = Debug|Win32
		{108D2133-BD4E-4F6C-8455-A72C77EFBD48}.Debug|x64.ActiveCfg = Debug|x64
		{108D2133-BD4E-4F6C-8455-A72C77EFBD48}.Debug|x64.Build.0 = Debug|x64
		{108D2133-BD4E-4F6C-8455-A72C77EFBD48}.Release|Any CPU.ActiveCfg = Release|Win32
		{108D2133-BD4E-4F6C-8455-A72C77EFBD48}.Release|ARM.ActiveCfg = Release|ARM
		{108D2133-BD4E-4F6C-8455-A72C77EFBD48}.Release|ARM.Build.0 = Release|ARM
		{108D2133-BD4E-4F6C-8455-A72C77EFBD48}.Release|Win32.ActiveCfg = Release|Win32
		{108D2133-BD4E-4F6C-8455-A72C77EFBD48}.Release|Win32.Build.0 = Release|Win32
		{108D2133-BD4E-4F6C-8455-A72C77EFBD48}.Release|x64.ActiveCfg = Release|x64
		{108D2133-BD4E-4F6C-8455-A72C77EFBD48}.Release|x64.Build.0 = Release|x64
		{97993C2D-7AC5-4A0E-A511-97237C260F24}.Debug|Any CPU.ActiveCfg = Debug|Win32
		{97993C2D-7AC5-4A0E-A511-97237C260F24}.Debug|ARM.ActiveCfg = Debug|Win32
		{97993C2D-7AC5-4A0E-A511-97237C260F24}.Debug|Win32.ActiveCfg = Debug|Win32
		{97993C2D-7AC5-4A0E-A511-97237C260F24}.Debug|Win32.Build.0 = Debug|Win32
		{97993C2D-7AC5-4A0E-A511-97237C260F24}.Debug|x64.ActiveCfg = Debug|x64
		{97993C2D-7AC5-4A0E-A511-97237C260F24}.Debug|x64.Build.0 = Debug|x64
		{97993C2D-7AC5-4A0E-A511-97237C260F24}.Release|Any CPU.ActiveCfg = Release|Win32
		{97993C2D-7AC5-4A0E-A511-97237C260F24}.Release|ARM.ActiveCfg = Release|Win32
		{97993C2D-7AC5-4A0E-A511-97237C260F24}.Release|Win32.ActiveCfg = Release|Win32
		{97993C2D-7AC5-4A0E-A511-97237C260F24}.Release|Win32.Build.0 = Release|Win32
		{97993C2D-7AC5-4A0E-A511-97237C260F24}.Release|x64.ActiveCfg = Release|x64
		{97993C2D-7AC5-4A0E-A511-97237C260F24}.Release|x64.Build.0 = Release|x64
	EndGlobalSection
	GlobalSection(SolutionProperties) = preSolution
		HideSolutionNode = FALSE
	EndGlobalSection
	GlobalSection(NestedProjects) = preSolution
		{45D41ACC-2C3C-43D2-BC10-02AA73FFC7C7} = {AA072205-CC41-4401-A4C3-342380D40560}
		{F5A28F95-FC11-43CE-A2B6-9A8649AC606B} = {AA072205-CC41-4401-A4C3-342380D40560}
		{6D37168D-BDA2-460E-986F-5639EEE1F8DC} = {AA072205-CC41-4401-A4C3-342380D40560}
		{E3414731-5A0E-4EF2-BCB3-185316BDA8A4} = {E6A0DD9D-C8DA-4C4E-B185-7515BFF962FF}
		{A4EF6440-952B-4BE7-89A8-902165A1351E} = {E3414731-5A0E-4EF2-BCB3-185316BDA8A4}
		{8EB1DF56-296F-474F-94F7-778F57336FC2} = {E3414731-5A0E-4EF2-BCB3-185316BDA8A4}
		{51D3409D-A773-49DE-B492-E71037D3C2DA} = {E38B57FB-2F5C-49C4-B52E-CE79EF9C6922}
		{7E0A32BE-F057-4DB9-A879-9B4F82C05E53} = {E38B57FB-2F5C-49C4-B52E-CE79EF9C6922}
		{44032B80-0784-40DB-B129-EC3DF0856D8C} = {E38B57FB-2F5C-49C4-B52E-CE79EF9C6922}
		{0C7F7F83-E1C0-46BC-A183-C5E2E36F2A21} = {8B1B6709-2D8D-4770-9387-F29E4374EFC8}
		{D22E1BE8-0FC2-457D-A462-C28D5B2C1141} = {8B1B6709-2D8D-4770-9387-F29E4374EFC8}
		{C16F5EA1-C1B6-4868-BE36-0B3B67E103CC} = {E3414731-5A0E-4EF2-BCB3-185316BDA8A4}
		{04820629-78F0-49AF-837C-B5AC02E8C0E2} = {681910EF-6FF5-48C1-89DF-2766622453CB}
		{E0BF017E-CCA1-4F42-9104-DBD6B96477B2} = {681910EF-6FF5-48C1-89DF-2766622453CB}
		{BF81D298-1345-45DE-B04E-FD7BA1445731} = {681910EF-6FF5-48C1-89DF-2766622453CB}
		{61589C00-EFB7-4009-9A8B-36AD39B74A06} = {3CD5A682-D36D-46DA-9297-768165E305F2}
		{74D2757E-89FA-4545-8B64-B13D426741A0} = {3CD5A682-D36D-46DA-9297-768165E305F2}
		{7F8BDDEC-CF7B-41BD-BDE8-D16C6DB177C4} = {3CD5A682-D36D-46DA-9297-768165E305F2}
		{0685BE63-D4A2-4A5C-9944-E2A49DC7692F} = {4D572D73-7285-436C-B5F6-61492757D28D}
		{CFA02624-A26B-4E3F-A727-00B1C68114BF} = {4D572D73-7285-436C-B5F6-61492757D28D}
		{DDFF49EC-00FB-4707-91CE-1D2E9DE45F77} = {4D572D73-7285-436C-B5F6-61492757D28D}
		{988E3559-0AB2-4E4A-8D42-FED6ADD02805} = {D665F0D6-FB88-47AC-96DA-F81DA3C39B2D}
		{108D2133-BD4E-4F6C-8455-A72C77EFBD48} = {D665F0D6-FB88-47AC-96DA-F81DA3C39B2D}
		{97993C2D-7AC5-4A0E-A511-97237C260F24} = {D665F0D6-FB88-47AC-96DA-F81DA3C39B2D}
	EndGlobalSection
EndGlobal
