<?xml version="1.0" encoding="utf-8"?>
<Project ToolsVersion="14.0" xmlns="http://schemas.microsoft.com/developer/msbuild/2003">
  <ItemGroup>
    <Filter Include="Resource Files">
      <UniqueIdentifier>{67DA6AB6-F800-4c08-8B7A-83BB121AAD01}</UniqueIdentifier>
      <Extensions>rc;ico;cur;bmp;dlg;rc2;rct;bin;rgs;gif;jpg;jpeg;jpe;resx;tga;tiff;tif;png;wav;mfcribbon-ms</Extensions>
    </Filter>
    <Filter Include="头文件">
      <UniqueIdentifier>{c6894243-27bc-4b5d-8d39-ad41a5f76e4b}</UniqueIdentifier>
    </Filter>
    <Filter Include="源文件">
      <UniqueIdentifier>{68cd8b86-8929-417b-affb-ae1a160033bc}</UniqueIdentifier>
    </Filter>
    <Filter Include="生成的文件">
      <UniqueIdentifier>{af1cb99a-5d5b-4ddd-a904-413e6db0e10a}</UniqueIdentifier>
    </Filter>
  </ItemGroup>
  <ItemGroup>
    <ClCompile Include="dllmain.cpp">
      <Filter>源文件</Filter>
    </ClCompile>
    <ClCompile Include="pch.cpp">
      <Filter>源文件</Filter>
    </ClCompile>
  </ItemGroup>
  <ItemGroup>
    <ClInclude Include="pch.h">
      <Filter>头文件</Filter>
    </ClInclude>
    <ClInclude Include="targetver.h">
      <Filter>头文件</Filter>
    </ClInclude>
    <ClInclude Include="Tomato.Media_i.h">
      <Filter>生成的文件</Filter>
    </ClInclude>
  </ItemGroup>
  <ItemGroup>
    <None Include="Tomato.Media.def">
      <Filter>源文件</Filter>
    </None>
    <None Include="packages.config" />
  </ItemGroup>
  <ItemGroup>
    <Midl Include="Tomato.Media.idl">
      <Filter>源文件</Filter>
    </Midl>
  </ItemGroup>
</Project>