<?xml version="1.0" encoding="utf-8"?>
<Project ToolsVersion="14.0" xmlns="http://schemas.microsoft.com/developer/msbuild/2003">
  <ItemGroup>
    <ClInclude Include="$(MSBuildThisFileDirectory)targetver.h" />
    <ClInclude Include="$(MSBuildThisFileDirectory)pch.h" />
    <ClInclude Include="$(MSBuildThisFileDirectory)Tomato.Media.Core.h" />
    <ClInclude Include="$(MSBuildThisFileDirectory)..\include\IMediaSink.h">
      <Filter>Headers</Filter>
    </ClInclude>
    <ClInclude Include="$(MSBuildThisFileDirectory)..\include\IMediaSource.h">
      <Filter>Headers</Filter>
    </ClInclude>
    <ClInclude Include="$(MSBuildThisFileDirectory)..\include\ISourceReader.h">
      <Filter>Headers</Filter>
    </ClInclude>
    <ClInclude Include="$(MSBuildThisFileDirectory)..\include\platform.h">
      <Filter>Headers</Filter>
    </ClInclude>
    <ClInclude Include="$(MSBuildThisFileDirectory)..\include\tomato.media.core.h">
      <Filter>Headers</Filter>
    </ClInclude>
    <ClInclude Include="$(MSBuildThisFileDirectory)..\include\win32_exception.h">
      <Filter>Headers</Filter>
    </ClInclude>
    <ClInclude Include="$(MSBuildThisFileDirectory)MediaSinks\WASAPIMediaSink.h">
      <Filter>Headers\MediaSinks</Filter>
    </ClInclude>
    <ClInclude Include="$(MSBuildThisFileDirectory)MediaSources\IMediaSourceIntern.h">
      <Filter>Headers\MediaSources</Filter>
    </ClInclude>
    <ClInclude Include="$(MSBuildThisFileDirectory)MediaSources\RTMediaSource.h">
      <Filter>Headers\MediaSources</Filter>
    </ClInclude>
    <ClInclude Include="$(MSBuildThisFileDirectory)SourceReaders\MFSourceReader.h">
      <Filter>Headers\SourceReaders</Filter>
    </ClInclude>
    <ClInclude Include="$(MSBuildThisFileDirectory)Transforms\MFTransforms\AudioFrameDecoderBase.h">
      <Filter>Headers\Transforms\MFTransforms</Filter>
    </ClInclude>
    <ClInclude Include="$(MSBuildThisFileDirectory)Transforms\MFTransforms\LibAVMFTransform.h">
      <Filter>Headers\Transforms\MFTransforms</Filter>
    </ClInclude>
    <ClInclude Include="$(MSBuildThisFileDirectory)Transforms\MFTransforms\MFTransform.h">
      <Filter>Headers\Transforms\MFTransforms</Filter>
    </ClInclude>
    <ClInclude Include="$(MSBuildThisFileDirectory)Utilities\block_buffer.hpp">
      <Filter>Headers\Utilities</Filter>
    </ClInclude>
    <ClInclude Include="$(MSBuildThisFileDirectory)Utilities\MFAsyncCallback.h">
      <Filter>Headers\Utilities</Filter>
    </ClInclude>
    <ClInclude Include="$(MSBuildThisFileDirectory)Utilities\mfhelpers.hpp">
      <Filter>Headers\Utilities</Filter>
    </ClInclude>
    <ClInclude Include="$(MSBuildThisFileDirectory)Utilities\MFMMCSSProvider.h">
      <Filter>Headers\Utilities</Filter>
    </ClInclude>
    <ClInclude Include="$(MSBuildThisFileDirectory)Utilities\MMCSSThread.h">
      <Filter>Headers\Utilities</Filter>
    </ClInclude>
    <ClInclude Include="$(MSBuildThisFileDirectory)Utilities\TaskCompletionEvent.h">
      <Filter>Headers\Utilities</Filter>
    </ClInclude>
    <ClInclude Include="$(MSBuildThisFileDirectory)Utilities\libavhelpers.h">
      <Filter>Headers\Utilities</Filter>
    </ClInclude>
    <ClInclude Include="$(MSBuildThisFileDirectory)Utilities\MFByteStreamHandlers\ByteStreamHandlerBase.h">
      <Filter>Headers\Utilities\MFByteStreamHandlers</Filter>
    </ClInclude>
    <ClInclude Include="$(MSBuildThisFileDirectory)Utilities\MFByteStreamHandlers\LibAVByteStreamHandler.h">
      <Filter>Headers\Utilities\MFByteStreamHandlers</Filter>
    </ClInclude>
    <ClInclude Include="$(MSBuildThisFileDirectory)Utilities\MFSources\AudioSourceBase.h">
      <Filter>Headers\Utilities\MFSources</Filter>
    </ClInclude>
    <ClInclude Include="$(MSBuildThisFileDirectory)Utilities\MFOperationQueue.h">
      <Filter>Headers\Utilities</Filter>
    </ClInclude>
    <ClInclude Include="$(MSBuildThisFileDirectory)Utilities\MFSources\MediaSourceOperation.h">
      <Filter>Headers\Utilities\MFSources</Filter>
    </ClInclude>
    <ClInclude Include="$(MSBuildThisFileDirectory)Utilities\MFSources\LibAVAudioSource.h">
      <Filter>Headers\Utilities\MFSources</Filter>
    </ClInclude>
    <ClInclude Include="$(MSBuildThisFileDirectory)Utilities\MFSources\SingleStreamAudioSourceBase.h">
      <Filter>Headers\Utilities\MFSources</Filter>
    </ClInclude>
    <ClInclude Include="$(MSBuildThisFileDirectory)Utilities\MFAudioStream.h">
      <Filter>Headers\Utilities</Filter>
    </ClInclude>
    <ClInclude Include="$(MSBuildThisFileDirectory)Utilities\MFMediaStreamState.h">
      <Filter>Headers\Utilities</Filter>
    </ClInclude>
    <ClInclude Include="$(MSBuildThisFileDirectory)..\include\MediaMetadata.h">
      <Filter>Headers</Filter>
    </ClInclude>
    <ClInclude Include="$(MSBuildThisFileDirectory)..\include\any.h">
      <Filter>Headers</Filter>
    </ClInclude>
    <ClInclude Include="$(MSBuildThisFileDirectory)Utilities\encoding.h">
      <Filter>Headers\Utilities</Filter>
    </ClInclude>
  </ItemGroup>
  <ItemGroup>
    <ClCompile Include="$(MSBuildThisFileDirectory)pch.cpp">
      <PrecompiledHeader>Create</PrecompiledHeader>
    </ClCompile>
    <ClCompile Include="$(MSBuildThisFileDirectory)Tomato.Media.Core.cpp" />
    <ClCompile Include="$(MSBuildThisFileDirectory)MediaSinks\WASAPIMediaSink.cpp">
      <Filter>Sources\MediaSinks</Filter>
    </ClCompile>
    <ClCompile Include="$(MSBuildThisFileDirectory)MediaSources\RTMediaSource.cpp">
      <Filter>Sources\MediaSources</Filter>
    </ClCompile>
    <ClCompile Include="$(MSBuildThisFileDirectory)SourceReaders\MFSourceReader.cpp">
      <Filter>Sources\SourceReaders</Filter>
    </ClCompile>
    <ClCompile Include="$(MSBuildThisFileDirectory)Transforms\MFTransforms\AudioFrameDecoderBase.cpp">
      <Filter>Sources\Transforms\MFTransforms</Filter>
    </ClCompile>
    <ClCompile Include="$(MSBuildThisFileDirectory)Transforms\MFTransforms\LibAVMFTransform.cpp">
      <Filter>Sources\Transforms\MFTransforms</Filter>
    </ClCompile>
    <ClCompile Include="$(MSBuildThisFileDirectory)Utilities\MFMMCSSProvider.cpp">
      <Filter>Sources\Utilities</Filter>
    </ClCompile>
    <ClCompile Include="$(MSBuildThisFileDirectory)Platform.cpp" />
    <ClCompile Include="$(MSBuildThisFileDirectory)Utilities\libavhelpers.cpp">
      <Filter>Sources\Utilities</Filter>
    </ClCompile>
    <ClCompile Include="$(MSBuildThisFileDirectory)Utilities\MFByteStreamHandlers\ByteStreamHandlerBase.cpp">
      <Filter>Sources\Utilities\MFByteStreamHandlers</Filter>
    </ClCompile>
    <ClCompile Include="$(MSBuildThisFileDirectory)Utilities\MFByteStreamHandlers\LibAVByteStreamHandler.cpp">
      <Filter>Sources\Utilities\MFByteStreamHandlers</Filter>
    </ClCompile>
    <ClCompile Include="$(MSBuildThisFileDirectory)Utilities\MFSources\AudioSourceBase.cpp">
      <Filter>Sources\Utilities\MFSources</Filter>
    </ClCompile>
    <ClCompile Include="$(MSBuildThisFileDirectory)Utilities\MFSources\MediaSourceOperation.cpp">
      <Filter>Sources\Utilities\MFSources</Filter>
    </ClCompile>
    <ClCompile Include="$(MSBuildThisFileDirectory)Utilities\MFSources\SingleStreamAudioSourceBase.cpp">
      <Filter>Sources\Utilities\MFSources</Filter>
    </ClCompile>
    <ClCompile Include="$(MSBuildThisFileDirectory)Utilities\MFAudioStream.cpp">
      <Filter>Sources\Utilities</Filter>
    </ClCompile>
    <ClCompile Include="$(MSBuildThisFileDirectory)Utilities\MFSources\LibAVAudioSource.cpp">
      <Filter>Sources\Utilities\MFSources</Filter>
    </ClCompile>
    <ClCompile Include="$(MSBuildThisFileDirectory)MediaMetadata.cpp">
      <Filter>Sources</Filter>
    </ClCompile>
    <ClCompile Include="$(MSBuildThisFileDirectory)Utilities\encoding.cpp">
      <Filter>Sources\Utilities</Filter>
    </ClCompile>
  </ItemGroup>
  <ItemGroup>
    <Filter Include="Headers">
      <UniqueIdentifier>{28b1aabe-dde5-4f15-9bb1-ed8e9f42642b}</UniqueIdentifier>
    </Filter>
    <Filter Include="Sources">
      <UniqueIdentifier>{5e81fa79-4ed4-421d-a115-ae8e9761303d}</UniqueIdentifier>
    </Filter>
    <Filter Include="Headers\MediaSinks">
      <UniqueIdentifier>{35b350e2-6c67-478e-9989-ed22e8e63be4}</UniqueIdentifier>
    </Filter>
    <Filter Include="Sources\MediaSinks">
      <UniqueIdentifier>{85116cbd-3ad0-4df4-9bc1-579b4e1ab572}</UniqueIdentifier>
    </Filter>
    <Filter Include="Headers\MediaSources">
      <UniqueIdentifier>{625dc9d3-ba07-4b9a-a7f5-1a827338e3e5}</UniqueIdentifier>
    </Filter>
    <Filter Include="Sources\MediaSources">
      <UniqueIdentifier>{9a0a26e8-ab38-417d-9d22-42e321577fb8}</UniqueIdentifier>
    </Filter>
    <Filter Include="Headers\SourceReaders">
      <UniqueIdentifier>{35e44315-2f38-4ce9-9d10-ed870da16985}</UniqueIdentifier>
    </Filter>
    <Filter Include="Sources\SourceReaders">
      <UniqueIdentifier>{68dd9349-1765-4dc8-9588-2b1f015c962d}</UniqueIdentifier>
    </Filter>
    <Filter Include="Headers\Transforms">
      <UniqueIdentifier>{2e0cf630-2bdf-4e34-9955-eb6793aeeb6b}</UniqueIdentifier>
    </Filter>
    <Filter Include="Headers\Transforms\MFTransforms">
      <UniqueIdentifier>{7756859d-c8f9-4cbe-9d05-e50003bf4aa2}</UniqueIdentifier>
    </Filter>
    <Filter Include="Sources\Transforms">
      <UniqueIdentifier>{00743e19-2180-4b0c-bcaf-425abe2a0fdd}</UniqueIdentifier>
    </Filter>
    <Filter Include="Sources\Transforms\MFTransforms">
      <UniqueIdentifier>{051c2bb6-b548-4cff-9104-47a3fbd831bc}</UniqueIdentifier>
    </Filter>
    <Filter Include="Headers\Utilities">
      <UniqueIdentifier>{20d1e909-73fa-4f38-b0b0-11121cab31ce}</UniqueIdentifier>
    </Filter>
    <Filter Include="Sources\Utilities">
      <UniqueIdentifier>{50a05a28-df37-49cb-87fa-6ca1c4052ddf}</UniqueIdentifier>
    </Filter>
    <Filter Include="Headers\Utilities\MFSources">
      <UniqueIdentifier>{5012294c-2fad-403d-b73a-13e6061ba4b8}</UniqueIdentifier>
    </Filter>
    <Filter Include="Headers\Utilities\MFByteStreamHandlers">
      <UniqueIdentifier>{5a03522f-61b1-4424-9e7e-d21b448819b4}</UniqueIdentifier>
    </Filter>
    <Filter Include="Sources\Utilities\MFByteStreamHandlers">
      <UniqueIdentifier>{d168ff06-bb6e-48d5-a448-75a5ea5743a2}</UniqueIdentifier>
    </Filter>
    <Filter Include="Sources\Utilities\MFSources">
      <UniqueIdentifier>{83bfc796-fb5b-41f4-bd40-c9a8549dd056}</UniqueIdentifier>
    </Filter>
  </ItemGroup>
</Project>