<?xml version="1.0" encoding="utf-8"?>
<Project ToolsVersion="14.0" xmlns="http://schemas.microsoft.com/developer/msbuild/2003">
  <ItemGroup>
    <Filter Include="Resources">
      <UniqueIdentifier>871259e4-4239-4158-8a32-2a4054c7b7e7</UniqueIdentifier>
      <Extensions>rc;ico;cur;bmp;dlg;rc2;rct;bin;rgs;gif;jpg;jpeg;jpe;resx;tga;tiff;tif;png;wav;mfcribbon-ms</Extensions>
    </Filter>
    <Filter Include="头文件">
      <UniqueIdentifier>{f040c1e4-ea3b-459e-af34-b584a0c7acc6}</UniqueIdentifier>
    </Filter>
    <Filter Include="源文件">
      <UniqueIdentifier>{d6f0c6fa-64eb-49fd-9f2a-0440e0b41e19}</UniqueIdentifier>
    </Filter>
    <Filter Include="生成的文件">
      <UniqueIdentifier>{0dee47e8-3325-4f08-80ed-22460a370de4}</UniqueIdentifier>
    </Filter>
  </ItemGroup>
  <ItemGroup>
    <ClCompile Include="ApplicationDataHelper.cpp">
      <Filter>源文件</Filter>
    </ClCompile>
    <ClCompile Include="BackgroundMediaPlayer.cpp">
      <Filter>源文件</Filter>
    </ClCompile>
    <ClCompile Include="BackgroundMediaPlayerClient.cpp">
      <Filter>源文件</Filter>
    </ClCompile>
    <ClCompile Include="pch.cpp">
      <Filter>源文件</Filter>
    </ClCompile>
    <ClCompile Include="MediaSource.cpp">
      <Filter>源文件</Filter>
    </ClCompile>
    <ClCompile Include="CoreMediaSource.cpp">
      <Filter>源文件</Filter>
    </ClCompile>
    <ClCompile Include="VideoPresenter.cpp">
      <Filter>源文件</Filter>
    </ClCompile>
    <ClCompile Include="ResourceHelper.cpp">
      <Filter>源文件</Filter>
    </ClCompile>
    <ClCompile Include="XAudioSessionRT.cpp">
      <Filter>源文件</Filter>
    </ClCompile>
    <ClCompile Include="MediaMetadataProvider.cpp">
      <Filter>源文件</Filter>
    </ClCompile>
    <ClCompile Include="EffectMediaStreamSource.cpp" />
  </ItemGroup>
  <ItemGroup>
    <ClInclude Include="ApplicationDataHelper.h">
      <Filter>头文件</Filter>
    </ClInclude>
    <ClInclude Include="BackgroundMediaPlayer.h">
      <Filter>头文件</Filter>
    </ClInclude>
    <ClInclude Include="BackgroundMediaPlayerClient.h">
      <Filter>头文件</Filter>
    </ClInclude>
    <ClInclude Include="IBackgroundMediaPlayerHandler.h">
      <Filter>头文件</Filter>
    </ClInclude>
    <ClInclude Include="pch.h">
      <Filter>头文件</Filter>
    </ClInclude>
    <ClInclude Include="MediaSource.h">
      <Filter>头文件</Filter>
    </ClInclude>
    <ClInclude Include="IMediaPlayer.h">
      <Filter>头文件</Filter>
    </ClInclude>
    <ClInclude Include="CoreMediaSource.h">
      <Filter>头文件</Filter>
    </ClInclude>
    <ClInclude Include="VideoPresenter.h">
      <Filter>头文件</Filter>
    </ClInclude>
    <ClInclude Include="XAudioSessionRT.h">
      <Filter>头文件</Filter>
    </ClInclude>
    <ClInclude Include="MediaMetadataProvider.h">
      <Filter>头文件</Filter>
    </ClInclude>
    <ClInclude Include="EffectMediaStreamSource.h">
      <Filter>头文件</Filter>
    </ClInclude>
  </ItemGroup>
  <ItemGroup>
    <None Include="packages.config" />
  </ItemGroup>
</Project>