<?xml version="1.0" encoding="utf-8"?>
<Project ToolsVersion="4.0" xmlns="http://schemas.microsoft.com/developer/msbuild/2003">
  <ItemGroup>
    <Filter Include="头文件">
      <UniqueIdentifier>{8c48d985-59da-4e03-9b13-7a014988df2a}</UniqueIdentifier>
    </Filter>
    <Filter Include="源文件">
      <UniqueIdentifier>{f69a010e-76dd-4086-b593-bf81346fa6b1}</UniqueIdentifier>
    </Filter>
    <Filter Include="头文件\Utility">
      <UniqueIdentifier>{f657855d-581b-4420-b3d6-5ec7ad592bac}</UniqueIdentifier>
    </Filter>
    <Filter Include="源文件\Utility">
      <UniqueIdentifier>{d0ac9e5a-70a5-41a2-9c83-7187be1c1a40}</UniqueIdentifier>
    </Filter>
    <Filter Include="Shaders">
      <UniqueIdentifier>{cfcad880-5c55-4b0d-8dd2-9256f9dec496}</UniqueIdentifier>
    </Filter>
  </ItemGroup>
  <ItemGroup>
    <ClInclude Include="$(MSBuildThisFileDirectory)Utility\MFMediaSourceWrapper.h">
      <Filter>头文件\Utility</Filter>
    </ClInclude>
    <ClInclude Include="$(MSBuildThisFileDirectory)Utility\MFAsyncCallback.h">
      <Filter>头文件\Utility</Filter>
    </ClInclude>
    <ClInclude Include="$(MSBuildThisFileDirectory)Utility\CoreMediaSource.h">
      <Filter>头文件\Utility</Filter>
    </ClInclude>
    <ClInclude Include="$(MSBuildThisFileDirectory)SourceReader.h">
      <Filter>头文件</Filter>
    </ClInclude>
    <ClInclude Include="$(MSBuildThisFileDirectory)Utility\MediaEngineNotify.h">
      <Filter>头文件\Utility</Filter>
    </ClInclude>
    <ClInclude Include="$(MSBuildThisFileDirectory)common_pch.h">
      <Filter>头文件</Filter>
    </ClInclude>
    <ClInclude Include="$(MSBuildThisFileDirectory)MediaEngine.h">
      <Filter>头文件</Filter>
    </ClInclude>
    <ClInclude Include="$(MSBuildThisFileDirectory)PresentationClock.h">
      <Filter>头文件</Filter>
    </ClInclude>
    <ClInclude Include="$(MSBuildThisFileDirectory)Utility\MFSourceReaderCallback.h">
      <Filter>头文件\Utility</Filter>
    </ClInclude>
    <ClInclude Include="$(MSBuildThisFileDirectory)MediaRenderSink.h">
      <Filter>头文件</Filter>
    </ClInclude>
    <ClInclude Include="$(MSBuildThisFileDirectory)VideoStreamRenderSink.h">
      <Filter>头文件</Filter>
    </ClInclude>
    <ClInclude Include="$(MSBuildThisFileDirectory)IVideoRender.h">
      <Filter>头文件</Filter>
    </ClInclude>
    <ClInclude Include="$(MSBuildThisFileDirectory)D3D11VideoRender.h">
      <Filter>头文件</Filter>
    </ClInclude>
    <ClInclude Include="$(MSBuildThisFileDirectory)Utility\MediaClock.h">
      <Filter>头文件\Utility</Filter>
    </ClInclude>
    <ClInclude Include="$(MSBuildThisFileDirectory)Utility\MFPresentationTimeSource.h">
      <Filter>头文件\Utility</Filter>
    </ClInclude>
    <ClInclude Include="$(MSBuildThisFileDirectory)StreamRenderSinkBase.h">
      <Filter>头文件</Filter>
    </ClInclude>
    <ClInclude Include="$(MSBuildThisFileDirectory)Utility\MFWorkerQueueProvider.h">
      <Filter>头文件\Utility</Filter>
    </ClInclude>
    <ClInclude Include="$(MSBuildThisFileDirectory)Utility\WICHelper.h">
      <Filter>头文件\Utility</Filter>
    </ClInclude>
    <ClInclude Include="$(MSBuildThisFileDirectory)Utility\WorkerQueueProvider.h">
      <Filter>头文件\Utility</Filter>
    </ClInclude>
    <ClInclude Include="$(MSBuildThisFileDirectory)Utility\WorkerThread.h">
      <Filter>头文件\Utility</Filter>
    </ClInclude>
    <ClInclude Include="$(MSBuildThisFileDirectory)WeakReferenceBase.h">
      <Filter>头文件\Utility</Filter>
    </ClInclude>
    <ClInclude Include="$(MSBuildThisFileDirectory)WASAPIAudioRender.h">
      <Filter>头文件</Filter>
    </ClInclude>
    <ClInclude Include="$(MSBuildThisFileDirectory)IAudioRender.h">
      <Filter>头文件</Filter>
    </ClInclude>
    <ClInclude Include="$(MSBuildThisFileDirectory)common.h">
      <Filter>头文件</Filter>
    </ClInclude>
    <ClInclude Include="$(MSBuildThisFileDirectory)AudioPlayer.h">
      <Filter>头文件</Filter>
    </ClInclude>
    <ClInclude Include="$(MSBuildThisFileDirectory)XAudioSession.h">
      <Filter>头文件</Filter>
    </ClInclude>
    <ClInclude Include="$(MSBuildThisFileDirectory)ResourceHelper.h">
      <Filter>头文件</Filter>
    </ClInclude>
    <ClInclude Include="$(MSBuildThisFileDirectory)..\..\include\TextureLoader.h">
      <Filter>头文件</Filter>
    </ClInclude>
  </ItemGroup>
  <ItemGroup>
    <ClCompile Include="$(MSBuildThisFileDirectory)Utility\MFMediaSourceWrapper.cpp">
      <Filter>源文件\Utility</Filter>
    </ClCompile>
    <ClCompile Include="$(MSBuildThisFileDirectory)Utility\SourceReader.cpp">
      <Filter>源文件</Filter>
    </ClCompile>
    <ClCompile Include="$(MSBuildThisFileDirectory)Lifetime.cpp">
      <Filter>源文件</Filter>
    </ClCompile>
    <ClCompile Include="$(MSBuildThisFileDirectory)Utility\MediaEngineNotify.cpp">
      <Filter>源文件\Utility</Filter>
    </ClCompile>
    <ClCompile Include="$(MSBuildThisFileDirectory)MediaEngine.cpp">
      <Filter>源文件</Filter>
    </ClCompile>
    <ClCompile Include="$(MSBuildThisFileDirectory)PresentationClock.cpp">
      <Filter>源文件</Filter>
    </ClCompile>
    <ClCompile Include="$(MSBuildThisFileDirectory)MediaRenderSink.cpp">
      <Filter>源文件</Filter>
    </ClCompile>
    <ClCompile Include="$(MSBuildThisFileDirectory)VideoStreamRenderSink.cpp">
      <Filter>源文件</Filter>
    </ClCompile>
    <ClCompile Include="$(MSBuildThisFileDirectory)D3D11VideoRender.cpp">
      <Filter>源文件</Filter>
    </ClCompile>
    <ClCompile Include="$(MSBuildThisFileDirectory)Utility\MFSourceReaderCallback.cpp">
      <Filter>源文件\Utility</Filter>
    </ClCompile>
    <ClCompile Include="$(MSBuildThisFileDirectory)Utility\MediaClock.cpp">
      <Filter>源文件\Utility</Filter>
    </ClCompile>
    <ClCompile Include="$(MSBuildThisFileDirectory)Utility\MFPresentationTimeSource.cpp">
      <Filter>源文件\Utility</Filter>
    </ClCompile>
    <ClCompile Include="$(MSBuildThisFileDirectory)StreamRenderSinkBase.cpp">
      <Filter>源文件</Filter>
    </ClCompile>
    <ClCompile Include="$(MSBuildThisFileDirectory)Utility\WICHelper.cpp">
      <Filter>源文件\Utility</Filter>
    </ClCompile>
    <ClCompile Include="$(MSBuildThisFileDirectory)WASAPIAudioRender.cpp">
      <Filter>源文件</Filter>
    </ClCompile>
    <ClCompile Include="$(MSBuildThisFileDirectory)AudioPlayer.cpp">
      <Filter>源文件</Filter>
    </ClCompile>
    <ClCompile Include="$(MSBuildThisFileDirectory)XAudioSession.cpp">
      <Filter>源文件</Filter>
    </ClCompile>
    <ClCompile Include="$(MSBuildThisFileDirectory)TextureLoader.cpp">
      <Filter>源文件</Filter>
    </ClCompile>
  </ItemGroup>
  <ItemGroup>
    <FxCompile Include="$(MSBuildThisFileDirectory)DefaultVideoVS.hlsl">
      <Filter>Shaders</Filter>
    </FxCompile>
    <FxCompile Include="$(MSBuildThisFileDirectory)DefaultVideoPS.hlsl">
      <Filter>Shaders</Filter>
    </FxCompile>
  </ItemGroup>
</Project>