<?xml version="1.0" encoding="utf-8"?>
<Project ToolsVersion="14.0" xmlns="http://schemas.microsoft.com/developer/msbuild/2003">
  <ItemGroup>
    <Filter Include="Resources">
      <UniqueIdentifier>0d7dc751-a72d-4bdf-bc06-15fbcc99d3b9</UniqueIdentifier>
      <Extensions>rc;ico;cur;bmp;dlg;rc2;rct;bin;rgs;gif;jpg;jpeg;jpe;resx;tga;tiff;tif;png;wav;mfcribbon-ms</Extensions>
    </Filter>
    <Filter Include="生成的文件">
      <UniqueIdentifier>{81977716-a4ea-418b-a584-46b3e0718c6a}</UniqueIdentifier>
    </Filter>
  </ItemGroup>
  <ItemGroup>
    <ClCompile Include="pch.cpp" />
    <ClCompile Include="dllmain.cpp" />
  </ItemGroup>
  <ItemGroup>
    <ClInclude Include="pch.h" />
    <ClInclude Include="Tomato.Media.Effect_i.h">
      <Filter>生成的文件</Filter>
    </ClInclude>
  </ItemGroup>
  <ItemGroup>
    <None Include="Tomato.Media.Effect.def" />
  </ItemGroup>
  <ItemGroup>
    <MidlRT Include="Tomato.Media.Effect.idl" />
  </ItemGroup>
</Project>