<?xml version="1.0" encoding="utf-8"?>
<Project ToolsVersion="14.0" xmlns="http://schemas.microsoft.com/developer/msbuild/2003">
  <ItemGroup>
    <ClCompile Include="BackgroundAudioIPC.cpp" />
    <ClCompile Include="BackgroundAudioPlayerClient.cpp" />
    <ClCompile Include="BackgroundAudioPlayer.cpp" />
  </ItemGroup>
  <ItemGroup>
    <ClInclude Include="IBackgroundAudioHandler.h" />
    <ClInclude Include="BackgroundAudioIPC.h" />
    <ClInclude Include="BackgroundAudioPlayerClient.h" />
    <ClInclude Include="BackgroundAudioPlayer.h" />
  </ItemGroup>
</Project>